{
  "requires": true,
  "lockfileVersion": 1,
  "dependencies": {
    "@domoinc/domo-phoenix": {
      "version": "0.15.0",
      "resolved": "https://registry.npmjs.org/@domoinc/domo-phoenix/-/domo-phoenix-0.15.0.tgz",
      "integrity": "sha512-SW7X8+EZi2eWs/wSzzbE85iH0yJ6ozpdHDfnRXByFXinwOx2dvWxDqeoQR3sZc1iQKaDFpUeGKXuXfYezJ54Vg=="
    }
  }
}
